
Microsoft Visual Studio Solution File, Format Version 12.00
# Visual Studio Version 16
VisualStudioVersion = 16.0.30320.27
MinimumVisualStudioVersion = 10.0.40219.1
Project("{2150E333-8FDC-42A3-9474-1A3956D46DE8}") = "0 - Dominio", "0 - Dominio", "{57E6E3EE-C5C9-46EE-A59D-402F62A2874B}"
EndProject
Project("{FAE04EC0-301F-11D3-BF4B-00C04F79EFBC}") = "RallyDakar.Dominio", "RallyDakar.Dominio\RallyDakar.Dominio.csproj", "{A974044E-5108-4843-B4D5-02105AE6A200}"
EndProject
Project("{FAE04EC0-301F-11D3-BF4B-00C04F79EFBC}") = "RallyDakar.Dominio.Testes", "RallyDakar.Dominio.Testes\RallyDakar.Dominio.Testes.csproj", "{6A6BDF82-2042-4249-9C07-498810C5AE4C}"
EndProject
Global
	GlobalSection(SolutionConfigurationPlatforms) = preSolution
		Debug|Any CPU = Debug|Any CPU
		Release|Any CPU = Release|Any CPU
	EndGlobalSection
	GlobalSection(ProjectConfigurationPlatforms) = postSolution
		{A974044E-5108-4843-B4D5-02105AE6A200}.Debug|Any CPU.ActiveCfg = Debug|Any CPU
		{A974044E-5108-4843-B4D5-02105AE6A200}.Debug|Any CPU.Build.0 = Debug|Any CPU
		{A974044E-5108-4843-B4D5-02105AE6A200}.Release|Any CPU.ActiveCfg = Release|Any CPU
		{A974044E-5108-4843-B4D5-02105AE6A200}.Release|Any CPU.Build.0 = Release|Any CPU
		{6A6BDF82-2042-4249-9C07-498810C5AE4C}.Debug|Any CPU.ActiveCfg = Debug|Any CPU
		{6A6BDF82-2042-4249-9C07-498810C5AE4C}.Debug|Any CPU.Build.0 = Debug|Any CPU
		{6A6BDF82-2042-4249-9C07-498810C5AE4C}.Release|Any CPU.ActiveCfg = Release|Any CPU
		{6A6BDF82-2042-4249-9C07-498810C5AE4C}.Release|Any CPU.Build.0 = Release|Any CPU
	EndGlobalSection
	GlobalSection(SolutionProperties) = preSolution
		HideSolutionNode = FALSE
	EndGlobalSection
	GlobalSection(NestedProjects) = preSolution
		{A974044E-5108-4843-B4D5-02105AE6A200} = {57E6E3EE-C5C9-46EE-A59D-402F62A2874B}
		{6A6BDF82-2042-4249-9C07-498810C5AE4C} = {57E6E3EE-C5C9-46EE-A59D-402F62A2874B}
	EndGlobalSection
	GlobalSection(ExtensibilityGlobals) = postSolution
		SolutionGuid = {6EAD46A8-813C-4542-B42B-6ED7E1120C4B}
	EndGlobalSection
EndGlobal
